
Microsoft Visual Studio Solution File, Format Version 12.00
# Visual Studio Version 17
VisualStudioVersion = 17.2.32526.322
MinimumVisualStudioVersion = 10.0.40219.1
Project("{FAE04EC0-301F-11D3-BF4B-00C04F79EFBC}") = "Bieu_thuc_Lamda", "Bieu_thuc_Lamda\Bieu_thuc_Lamda.csproj", "{DDCBED4C-5FC1-4467-9089-1C3F60215AAB}"
EndProject
Global
	GlobalSection(SolutionConfigurationPlatforms) = preSolution
		Debug|Any CPU = Debug|Any CPU
		Release|Any CPU = Release|Any CPU
	EndGlobalSection
	GlobalSection(ProjectConfigurationPlatforms) = postSolution
		{DDCBED4C-5FC1-4467-9089-1C3F60215AAB}.Debug|Any CPU.ActiveCfg = Debug|Any CPU
		{DDCBED4C-5FC1-4467-9089-1C3F60215AAB}.Debug|Any CPU.Build.0 = Debug|Any CPU
		{DDCBED4C-5FC1-4467-9089-1C3F60215AAB}.Release|Any CPU.ActiveCfg = Release|Any CPU
		{DDCBED4C-5FC1-4467-9089-1C3F60215AAB}.Release|Any CPU.Build.0 = Release|Any CPU
	EndGlobalSection
	GlobalSection(SolutionProperties) = preSolution
		HideSolutionNode = FALSE
	EndGlobalSection
	GlobalSection(ExtensibilityGlobals) = postSolution
		SolutionGuid = {62F2B004-A91B-40AD-92E7-D0A759458D6E}
	EndGlobalSection
EndGlobal
