
Microsoft Visual Studio Solution File, Format Version 12.00
# Visual Studio Version 17
VisualStudioVersion = 17.2.32616.157
MinimumVisualStudioVersion = 10.0.40219.1
Project("{FAE04EC0-301F-11D3-BF4B-00C04F79EFBC}") = "Dependency_inversion_DI", "Dependency_inversion_DI\Dependency_inversion_DI.csproj", "{8A50FAA2-2306-4630-B50C-64954E318A99}"
EndProject
Global
	GlobalSection(SolutionConfigurationPlatforms) = preSolution
		Debug|Any CPU = Debug|Any CPU
		Release|Any CPU = Release|Any CPU
	EndGlobalSection
	GlobalSection(ProjectConfigurationPlatforms) = postSolution
		{8A50FAA2-2306-4630-B50C-64954E318A99}.Debug|Any CPU.ActiveCfg = Debug|Any CPU
		{8A50FAA2-2306-4630-B50C-64954E318A99}.Debug|Any CPU.Build.0 = Debug|Any CPU
		{8A50FAA2-2306-4630-B50C-64954E318A99}.Release|Any CPU.ActiveCfg = Release|Any CPU
		{8A50FAA2-2306-4630-B50C-64954E318A99}.Release|Any CPU.Build.0 = Release|Any CPU
	EndGlobalSection
	GlobalSection(SolutionProperties) = preSolution
		HideSolutionNode = FALSE
	EndGlobalSection
	GlobalSection(ExtensibilityGlobals) = postSolution
		SolutionGuid = {4739315C-EF26-4445-955B-B5D937EF4A18}
	EndGlobalSection
EndGlobal
