
Microsoft Visual Studio Solution File, Format Version 12.00
# Visual Studio Version 17
VisualStudioVersion = 17.2.32526.322
MinimumVisualStudioVersion = 10.0.40219.1
Project("{FAE04EC0-301F-11D3-BF4B-00C04F79EFBC}") = "QL_NV", "QL_NV\QL_NV.csproj", "{5A820679-7E4E-4167-A4FF-435202E7E2C7}"
EndProject
Project("{FAE04EC0-301F-11D3-BF4B-00C04F79EFBC}") = "QL_NV1", "QL_NV1\QL_NV1.csproj", "{404D2600-98AF-49EE-9572-D66903F69746}"
EndProject
Global
	GlobalSection(SolutionConfigurationPlatforms) = preSolution
		Debug|Any CPU = Debug|Any CPU
		Release|Any CPU = Release|Any CPU
	EndGlobalSection
	GlobalSection(ProjectConfigurationPlatforms) = postSolution
		{5A820679-7E4E-4167-A4FF-435202E7E2C7}.Debug|Any CPU.ActiveCfg = Debug|Any CPU
		{5A820679-7E4E-4167-A4FF-435202E7E2C7}.Debug|Any CPU.Build.0 = Debug|Any CPU
		{5A820679-7E4E-4167-A4FF-435202E7E2C7}.Release|Any CPU.ActiveCfg = Release|Any CPU
		{5A820679-7E4E-4167-A4FF-435202E7E2C7}.Release|Any CPU.Build.0 = Release|Any CPU
		{404D2600-98AF-49EE-9572-D66903F69746}.Debug|Any CPU.ActiveCfg = Debug|Any CPU
		{404D2600-98AF-49EE-9572-D66903F69746}.Debug|Any CPU.Build.0 = Debug|Any CPU
		{404D2600-98AF-49EE-9572-D66903F69746}.Release|Any CPU.ActiveCfg = Release|Any CPU
		{404D2600-98AF-49EE-9572-D66903F69746}.Release|Any CPU.Build.0 = Release|Any CPU
	EndGlobalSection
	GlobalSection(SolutionProperties) = preSolution
		HideSolutionNode = FALSE
	EndGlobalSection
	GlobalSection(ExtensibilityGlobals) = postSolution
		SolutionGuid = {DAF1C949-F03A-4F89-84E4-C2F00F721E68}
	EndGlobalSection
EndGlobal
