
Microsoft Visual Studio Solution File, Format Version 12.00
# Visual Studio Version 17
VisualStudioVersion = 17.2.32616.157
MinimumVisualStudioVersion = 10.0.40219.1
Project("{FAE04EC0-301F-11D3-BF4B-00C04F79EFBC}") = "PizzaStore", "PizzaStore\PizzaStore.csproj", "{34B73711-5976-4DB6-B115-5E45611E2615}"
EndProject
Global
	GlobalSection(SolutionConfigurationPlatforms) = preSolution
		Debug|Any CPU = Debug|Any CPU
		Release|Any CPU = Release|Any CPU
	EndGlobalSection
	GlobalSection(ProjectConfigurationPlatforms) = postSolution
		{34B73711-5976-4DB6-B115-5E45611E2615}.Debug|Any CPU.ActiveCfg = Debug|Any CPU
		{34B73711-5976-4DB6-B115-5E45611E2615}.Debug|Any CPU.Build.0 = Debug|Any CPU
		{34B73711-5976-4DB6-B115-5E45611E2615}.Release|Any CPU.ActiveCfg = Release|Any CPU
		{34B73711-5976-4DB6-B115-5E45611E2615}.Release|Any CPU.Build.0 = Release|Any CPU
	EndGlobalSection
	GlobalSection(SolutionProperties) = preSolution
		HideSolutionNode = FALSE
	EndGlobalSection
	GlobalSection(ExtensibilityGlobals) = postSolution
		SolutionGuid = {45B0A288-F7DE-45B8-B376-C041F9050170}
	EndGlobalSection
EndGlobal
