
Microsoft Visual Studio Solution File, Format Version 12.00
# Visual Studio Version 17
VisualStudioVersion = 17.2.32526.322
MinimumVisualStudioVersion = 10.0.40219.1
Project("{FAE04EC0-301F-11D3-BF4B-00C04F79EFBC}") = "BT_OOP", "BT_OOP\BT_OOP.csproj", "{FFB55F0E-A318-495E-94B5-B251316BA63E}"
EndProject
Global
	GlobalSection(SolutionConfigurationPlatforms) = preSolution
		Debug|Any CPU = Debug|Any CPU
		Release|Any CPU = Release|Any CPU
	EndGlobalSection
	GlobalSection(ProjectConfigurationPlatforms) = postSolution
		{FFB55F0E-A318-495E-94B5-B251316BA63E}.Debug|Any CPU.ActiveCfg = Debug|Any CPU
		{FFB55F0E-A318-495E-94B5-B251316BA63E}.Debug|Any CPU.Build.0 = Debug|Any CPU
		{FFB55F0E-A318-495E-94B5-B251316BA63E}.Release|Any CPU.ActiveCfg = Release|Any CPU
		{FFB55F0E-A318-495E-94B5-B251316BA63E}.Release|Any CPU.Build.0 = Release|Any CPU
	EndGlobalSection
	GlobalSection(SolutionProperties) = preSolution
		HideSolutionNode = FALSE
	EndGlobalSection
	GlobalSection(ExtensibilityGlobals) = postSolution
		SolutionGuid = {118BE1E5-CA92-4B3C-A214-D394C8286DB2}
	EndGlobalSection
EndGlobal
