
Microsoft Visual Studio Solution File, Format Version 12.00
# Visual Studio Version 17
VisualStudioVersion = 17.2.32526.322
MinimumVisualStudioVersion = 10.0.40219.1
Project("{FAE04EC0-301F-11D3-BF4B-00C04F79EFBC}") = "BT_co_ban", "BT_co_ban\BT_co_ban.csproj", "{CEB3BF39-CDFC-4122-A3AB-A3C8563A4B99}"
EndProject
Project("{FAE04EC0-301F-11D3-BF4B-00C04F79EFBC}") = "BT_Co_Ban_GaLaiLapTrinh", "BT_Co_Ban_GaLaiLapTrinh\BT_Co_Ban_GaLaiLapTrinh.csproj", "{C7AA190A-A8DB-4007-AC0B-4A49C65FF257}"
EndProject
Global
	GlobalSection(SolutionConfigurationPlatforms) = preSolution
		Debug|Any CPU = Debug|Any CPU
		Release|Any CPU = Release|Any CPU
	EndGlobalSection
	GlobalSection(ProjectConfigurationPlatforms) = postSolution
		{CEB3BF39-CDFC-4122-A3AB-A3C8563A4B99}.Debug|Any CPU.ActiveCfg = Debug|Any CPU
		{CEB3BF39-CDFC-4122-A3AB-A3C8563A4B99}.Debug|Any CPU.Build.0 = Debug|Any CPU
		{CEB3BF39-CDFC-4122-A3AB-A3C8563A4B99}.Release|Any CPU.ActiveCfg = Release|Any CPU
		{CEB3BF39-CDFC-4122-A3AB-A3C8563A4B99}.Release|Any CPU.Build.0 = Release|Any CPU
		{C7AA190A-A8DB-4007-AC0B-4A49C65FF257}.Debug|Any CPU.ActiveCfg = Debug|Any CPU
		{C7AA190A-A8DB-4007-AC0B-4A49C65FF257}.Debug|Any CPU.Build.0 = Debug|Any CPU
		{C7AA190A-A8DB-4007-AC0B-4A49C65FF257}.Release|Any CPU.ActiveCfg = Release|Any CPU
		{C7AA190A-A8DB-4007-AC0B-4A49C65FF257}.Release|Any CPU.Build.0 = Release|Any CPU
	EndGlobalSection
	GlobalSection(SolutionProperties) = preSolution
		HideSolutionNode = FALSE
	EndGlobalSection
	GlobalSection(ExtensibilityGlobals) = postSolution
		SolutionGuid = {48FD8574-FA38-470A-81B9-E7450A868D0E}
	EndGlobalSection
EndGlobal
