
Microsoft Visual Studio Solution File, Format Version 12.00
# Visual Studio Version 17
VisualStudioVersion = 17.2.32616.157
MinimumVisualStudioVersion = 10.0.40219.1
Project("{FAE04EC0-301F-11D3-BF4B-00C04F79EFBC}") = "Insertion_Sort_Algorithm", "Insertion_Sort_Algorithm\Insertion_Sort_Algorithm.csproj", "{AA4A0A0A-427A-4DA6-9F5B-09A86B2334DD}"
EndProject
Global
	GlobalSection(SolutionConfigurationPlatforms) = preSolution
		Debug|Any CPU = Debug|Any CPU
		Release|Any CPU = Release|Any CPU
	EndGlobalSection
	GlobalSection(ProjectConfigurationPlatforms) = postSolution
		{AA4A0A0A-427A-4DA6-9F5B-09A86B2334DD}.Debug|Any CPU.ActiveCfg = Debug|Any CPU
		{AA4A0A0A-427A-4DA6-9F5B-09A86B2334DD}.Debug|Any CPU.Build.0 = Debug|Any CPU
		{AA4A0A0A-427A-4DA6-9F5B-09A86B2334DD}.Release|Any CPU.ActiveCfg = Release|Any CPU
		{AA4A0A0A-427A-4DA6-9F5B-09A86B2334DD}.Release|Any CPU.Build.0 = Release|Any CPU
	EndGlobalSection
	GlobalSection(SolutionProperties) = preSolution
		HideSolutionNode = FALSE
	EndGlobalSection
	GlobalSection(ExtensibilityGlobals) = postSolution
		SolutionGuid = {AEE6B831-196E-4785-9B59-1568D5AB204D}
	EndGlobalSection
EndGlobal
