
Microsoft Visual Studio Solution File, Format Version 12.00
# Visual Studio Version 17
VisualStudioVersion = 17.2.32616.157
MinimumVisualStudioVersion = 10.0.40219.1
Project("{FAE04EC0-301F-11D3-BF4B-00C04F79EFBC}") = "ConnectSQL", "ConnectSQL\ConnectSQL.csproj", "{F37BB2A4-4601-4ED8-BDFF-9662E7E573ED}"
EndProject
Global
	GlobalSection(SolutionConfigurationPlatforms) = preSolution
		Debug|Any CPU = Debug|Any CPU
		Release|Any CPU = Release|Any CPU
	EndGlobalSection
	GlobalSection(ProjectConfigurationPlatforms) = postSolution
		{F37BB2A4-4601-4ED8-BDFF-9662E7E573ED}.Debug|Any CPU.ActiveCfg = Debug|Any CPU
		{F37BB2A4-4601-4ED8-BDFF-9662E7E573ED}.Debug|Any CPU.Build.0 = Debug|Any CPU
		{F37BB2A4-4601-4ED8-BDFF-9662E7E573ED}.Release|Any CPU.ActiveCfg = Release|Any CPU
		{F37BB2A4-4601-4ED8-BDFF-9662E7E573ED}.Release|Any CPU.Build.0 = Release|Any CPU
	EndGlobalSection
	GlobalSection(SolutionProperties) = preSolution
		HideSolutionNode = FALSE
	EndGlobalSection
	GlobalSection(ExtensibilityGlobals) = postSolution
		SolutionGuid = {C0395788-185A-4BC7-B9F8-145988E24BAE}
	EndGlobalSection
EndGlobal
