
Microsoft Visual Studio Solution File, Format Version 12.00
# Visual Studio Version 17
VisualStudioVersion = 17.2.32526.322
MinimumVisualStudioVersion = 10.0.40219.1
Project("{FAE04EC0-301F-11D3-BF4B-00C04F79EFBC}") = "BT1", "BT1\BT1.csproj", "{69A578EE-EB46-45B5-80E6-D2BDD6A56BB5}"
EndProject
Global
	GlobalSection(SolutionConfigurationPlatforms) = preSolution
		Debug|Any CPU = Debug|Any CPU
		Release|Any CPU = Release|Any CPU
	EndGlobalSection
	GlobalSection(ProjectConfigurationPlatforms) = postSolution
		{69A578EE-EB46-45B5-80E6-D2BDD6A56BB5}.Debug|Any CPU.ActiveCfg = Debug|Any CPU
		{69A578EE-EB46-45B5-80E6-D2BDD6A56BB5}.Debug|Any CPU.Build.0 = Debug|Any CPU
		{69A578EE-EB46-45B5-80E6-D2BDD6A56BB5}.Release|Any CPU.ActiveCfg = Release|Any CPU
		{69A578EE-EB46-45B5-80E6-D2BDD6A56BB5}.Release|Any CPU.Build.0 = Release|Any CPU
	EndGlobalSection
	GlobalSection(SolutionProperties) = preSolution
		HideSolutionNode = FALSE
	EndGlobalSection
	GlobalSection(ExtensibilityGlobals) = postSolution
		SolutionGuid = {0BE2E34F-9E8B-4813-ACE3-815ADC9D413C}
	EndGlobalSection
EndGlobal
