
Microsoft Visual Studio Solution File, Format Version 12.00
# Visual Studio Version 17
VisualStudioVersion = 17.1.32319.34
MinimumVisualStudioVersion = 10.0.40219.1
Project("{FAE04EC0-301F-11D3-BF4B-00C04F79EFBC}") = "Thao tac voi Mang", "Thao tac voi Mang\Thao tac voi Mang.csproj", "{3DECEC09-D022-4D1C-B9F6-30CCBEC9055E}"
EndProject
Project("{FAE04EC0-301F-11D3-BF4B-00C04F79EFBC}") = "Mang Than Trieu", "..\Mang Than Trieu\Mang Than Trieu.csproj", "{65448052-9557-481B-93D8-2B8927F0F224}"
EndProject
Global
	GlobalSection(SolutionConfigurationPlatforms) = preSolution
		Debug|Any CPU = Debug|Any CPU
		Release|Any CPU = Release|Any CPU
	EndGlobalSection
	GlobalSection(ProjectConfigurationPlatforms) = postSolution
		{3DECEC09-D022-4D1C-B9F6-30CCBEC9055E}.Debug|Any CPU.ActiveCfg = Debug|Any CPU
		{3DECEC09-D022-4D1C-B9F6-30CCBEC9055E}.Debug|Any CPU.Build.0 = Debug|Any CPU
		{3DECEC09-D022-4D1C-B9F6-30CCBEC9055E}.Release|Any CPU.ActiveCfg = Release|Any CPU
		{3DECEC09-D022-4D1C-B9F6-30CCBEC9055E}.Release|Any CPU.Build.0 = Release|Any CPU
		{65448052-9557-481B-93D8-2B8927F0F224}.Debug|Any CPU.ActiveCfg = Debug|Any CPU
		{65448052-9557-481B-93D8-2B8927F0F224}.Debug|Any CPU.Build.0 = Debug|Any CPU
		{65448052-9557-481B-93D8-2B8927F0F224}.Release|Any CPU.ActiveCfg = Release|Any CPU
		{65448052-9557-481B-93D8-2B8927F0F224}.Release|Any CPU.Build.0 = Release|Any CPU
	EndGlobalSection
	GlobalSection(SolutionProperties) = preSolution
		HideSolutionNode = FALSE
	EndGlobalSection
	GlobalSection(ExtensibilityGlobals) = postSolution
		SolutionGuid = {3EE7B0F3-39E5-4081-8FC2-F4E84FA82B2D}
	EndGlobalSection
EndGlobal
